
Microsoft Visual Studio Solution File, Format Version 12.00
# Visual Studio Version 16
VisualStudioVersion = 16.0.30413.136
MinimumVisualStudioVersion = 10.0.40219.1
Project("{FAE04EC0-301F-11D3-BF4B-00C04F79EFBC}") = "Tech Proj 2b", "Tech Proj 2b.csproj", "{74B7BD37-188E-4684-894D-CAF71162F3C9}"
EndProject
Global
	GlobalSection(SolutionConfigurationPlatforms) = preSolution
		Debug|Any CPU = Debug|Any CPU
		Release|Any CPU = Release|Any CPU
	EndGlobalSection
	GlobalSection(ProjectConfigurationPlatforms) = postSolution
		{74B7BD37-188E-4684-894D-CAF71162F3C9}.Debug|Any CPU.ActiveCfg = Debug|Any CPU
		{74B7BD37-188E-4684-894D-CAF71162F3C9}.Debug|Any CPU.Build.0 = Debug|Any CPU
		{74B7BD37-188E-4684-894D-CAF71162F3C9}.Release|Any CPU.ActiveCfg = Release|Any CPU
		{74B7BD37-188E-4684-894D-CAF71162F3C9}.Release|Any CPU.Build.0 = Release|Any CPU
	EndGlobalSection
	GlobalSection(SolutionProperties) = preSolution
		HideSolutionNode = FALSE
	EndGlobalSection
	GlobalSection(ExtensibilityGlobals) = postSolution
		SolutionGuid = {B8A475A1-7FC2-4838-BB96-429A5F7C79A1}
	EndGlobalSection
EndGlobal
